
Microsoft Visual Studio Solution File, Format Version 12.00
# Visual Studio Version 17
VisualStudioVersion = 17.5.002.0
MinimumVisualStudioVersion = 10.0.40219.1
Project("{9A19103F-16F7-4668-BE54-9A1E7A4F7556}") = "Squares", "Squares.csproj", "{B2173711-7D54-439E-8D14-6A045461341F}"
EndProject
Global
	GlobalSection(SolutionConfigurationPlatforms) = preSolution
		Debug|Any CPU = Debug|Any CPU
		Release|Any CPU = Release|Any CPU
	EndGlobalSection
	GlobalSection(ProjectConfigurationPlatforms) = postSolution
		{B2173711-7D54-439E-8D14-6A045461341F}.Debug|Any CPU.ActiveCfg = Debug|Any CPU
		{B2173711-7D54-439E-8D14-6A045461341F}.Debug|Any CPU.Build.0 = Debug|Any CPU
		{B2173711-7D54-439E-8D14-6A045461341F}.Release|Any CPU.ActiveCfg = Release|Any CPU
		{B2173711-7D54-439E-8D14-6A045461341F}.Release|Any CPU.Build.0 = Release|Any CPU
	EndGlobalSection
	GlobalSection(SolutionProperties) = preSolution
		HideSolutionNode = FALSE
	EndGlobalSection
	GlobalSection(ExtensibilityGlobals) = postSolution
		SolutionGuid = {CE1F68CF-B566-43B3-BA32-A9B307653C5F}
	EndGlobalSection
EndGlobal
